// !$*UTF8*$!
{
	archiveVersion = 1;
	classes = {
	};
	objectVersion = 46;
	objects = {

/* Begin PBXBuildFile section */
		2C624951163934C5005D3D90 /* UIKit.framework in Frameworks */ = {isa = PBXBuildFile; fileRef = 2C624950163934C5005D3D90 /* UIKit.framework */; };
		2C624953163934C5005D3D90 /* Foundation.framework in Frameworks */ = {isa = PBXBuildFile; fileRef = 2C624952163934C5005D3D90 /* Foundation.framework */; };
		2C624955163934C5005D3D90 /* CoreGraphics.framework in Frameworks */ = {isa = PBXBuildFile; fileRef = 2C624954163934C5005D3D90 /* CoreGraphics.framework */; };
		2C624957163934C5005D3D90 /* CoreData.framework in Frameworks */ = {isa = PBXBuildFile; fileRef = 2C624956163934C5005D3D90 /* CoreData.framework */; };
		2C62495D163934C5005D3D90 /* InfoPlist.strings in Resources */ = {isa = PBXBuildFile; fileRef = 2C62495B163934C5005D3D90 /* InfoPlist.strings */; };
		2C62495F163934C5005D3D90 /* main.m in Sources */ = {isa = PBXBuildFile; fileRef = 2C62495E163934C5005D3D90 /* main.m */; };
		2C624963163934C5005D3D90 /* AppDelegate.m in Sources */ = {isa = PBXBuildFile; fileRef = 2C624962163934C5005D3D90 /* AppDelegate.m */; };
		2C624966163934C5005D3D90 /* _111.xcdatamodeld in Sources */ = {isa = PBXBuildFile; fileRef = 2C624964163934C5005D3D90 /* _111.xcdatamodeld */; };
		2C62496E163934C5005D3D90 /* SenTestingKit.framework in Frameworks */ = {isa = PBXBuildFile; fileRef = 2C62496D163934C5005D3D90 /* SenTestingKit.framework */; };
		2C62496F163934C5005D3D90 /* UIKit.framework in Frameworks */ = {isa = PBXBuildFile; fileRef = 2C624950163934C5005D3D90 /* UIKit.framework */; };
		2C624970163934C5005D3D90 /* Foundation.framework in Frameworks */ = {isa = PBXBuildFile; fileRef = 2C624952163934C5005D3D90 /* Foundation.framework */; };
		2C624971163934C5005D3D90 /* CoreData.framework in Frameworks */ = {isa = PBXBuildFile; fileRef = 2C624956163934C5005D3D90 /* CoreData.framework */; };
		2C624979163934C5005D3D90 /* InfoPlist.strings in Resources */ = {isa = PBXBuildFile; fileRef = 2C624977163934C5005D3D90 /* InfoPlist.strings */; };
		2C62497C163934C5005D3D90 /* _111Tests.m in Sources */ = {isa = PBXBuildFile; fileRef = 2C62497B163934C5005D3D90 /* _111Tests.m */; };
/* End PBXBuildFile section */

/* Begin PBXContainerItemProxy section */
		2C624972163934C5005D3D90 /* PBXContainerItemProxy */ = {
			isa = PBXContainerItemProxy;
			containerPortal = 2C624943163934C5005D3D90 /* Project object */;
			proxyType = 1;
			remoteGlobalIDString = 2C62494B163934C5005D3D90;
			remoteInfo = 1111;
		};
/* End PBXContainerItemProxy section */

/* Begin PBXFileReference section */
		2C62494C163934C5005D3D90 /* 1111.app */ = {isa = PBXFileReference; explicitFileType = wrapper.application; includeInIndex = 0; path = 1111.app; sourceTree = BUILT_PRODUCTS_DIR; };
		2C624950163934C5005D3D90 /* UIKit.framework */ = {isa = PBXFileReference; lastKnownFileType = wrapper.framework; name = UIKit.framework; path = System/Library/Frameworks/UIKit.framework; sourceTree = SDKROOT; };
		2C624952163934C5005D3D90 /* Foundation.framework */ = {isa = PBXFileReference; lastKnownFileType = wrapper.framework; name = Foundation.framework; path = System/Library/Frameworks/Foundation.framework; sourceTree = SDKROOT; };
		2C624954163934C5005D3D90 /* CoreGraphics.framework */ = {isa = PBXFileReference; lastKnownFileType = wrapper.framework; name = CoreGraphics.framework; path = System/Library/Frameworks/CoreGraphics.framework; sourceTree = SDKROOT; };
		2C624956163934C5005D3D90 /* CoreData.framework */ = {isa = PBXFileReference; lastKnownFileType = wrapper.framework; name = CoreData.framework; path = System/Library/Frameworks/CoreData.framework; sourceTree = SDKROOT; };
		2C62495A163934C5005D3D90 /* 1111-Info.plist */ = {isa = PBXFileReference; path = "1111-Info.plist"; sourceTree = "<group>"; };
		2C62495C163934C5005D3D90 /* en */ = {isa = PBXFileReference; lastKnownFileType = text.plist.strings; name = en; path = en.lproj/InfoPlist.strings; sourceTree = "<group>"; };
		2C62495E163934C5005D3D90 /* main.m */ = {isa = PBXFileReference; lastKnownFileType = sourcecode.c.objc; path = main.m; sourceTree = "<group>"; };
		2C624960163934C5005D3D90 /* 1111-Prefix.pch */ = {isa = PBXFileReference; path = "1111-Prefix.pch"; sourceTree = "<group>"; };
		2C624961163934C5005D3D90 /* AppDelegate.h */ = {isa = PBXFileReference; path = AppDelegate.h; sourceTree = "<group>"; };
		2C624962163934C5005D3D90 /* AppDelegate.m */ = {isa = PBXFileReference; lastKnownFileType = sourcecode.c.objc; path = AppDelegate.m; sourceTree = "<group>"; };
		2C624965163934C5005D3D90 /* _111.xcdatamodel */ = {isa = PBXFileReference; lastKnownFileType = wrapper.xcdatamodel; path = _111.xcdatamodel; sourceTree = "<group>"; };
		2C62496C163934C5005D3D90 /* 1111Tests.octest */ = {isa = PBXFileReference; explicitFileType = wrapper.cfbundle; includeInIndex = 0; path = 1111Tests.octest; sourceTree = BUILT_PRODUCTS_DIR; };
		2C62496D163934C5005D3D90 /* SenTestingKit.framework */ = {isa = PBXFileReference; lastKnownFileType = wrapper.framework; name = SenTestingKit.framework; path = Library/Frameworks/SenTestingKit.framework; sourceTree = DEVELOPER_DIR; };
		2C624976163934C5005D3D90 /* 1111Tests-Info.plist */ = {isa = PBXFileReference; path = "1111Tests-Info.plist"; sourceTree = "<group>"; };
		2C624978163934C5005D3D90 /* en */ = {isa = PBXFileReference; lastKnownFileType = text.plist.strings; name = en; path = en.lproj/InfoPlist.strings; sourceTree = "<group>"; };
		2C62497A163934C5005D3D90 /* _111Tests.h */ = {isa = PBXFileReference; path = _111Tests.h; sourceTree = "<group>"; };
		2C62497B163934C5005D3D90 /* _111Tests.m */ = {isa = PBXFileReference; lastKnownFileType = sourcecode.c.objc; path = _111Tests.m; sourceTree = "<group>"; };
/* End PBXFileReference section */

/* Begin PBXFrameworksBuildPhase section */
		2C624949163934C5005D3D90 /* Frameworks */ = {
			isa = PBXFrameworksBuildPhase;
			buildActionMask = 2147483647;
			files = (
				2C624951163934C5005D3D90 /* UIKit.framework in Frameworks */,
				2C624953163934C5005D3D90 /* Foundation.framework in Frameworks */,
				2C624955163934C5005D3D90 /* CoreGraphics.framework in Frameworks */,
				2C624957163934C5005D3D90 /* CoreData.framework in Frameworks */,
			);
			runOnlyForDeploymentPostprocessing = 0;
		};
		2C624968163934C5005D3D90 /* Frameworks */ = {
			isa = PBXFrameworksBuildPhase;
			buildActionMask = 2147483647;
			files = (
				2C62496E163934C5005D3D90 /* SenTestingKit.framework in Frameworks */,
				2C62496F163934C5005D3D90 /* UIKit.framework in Frameworks */,
				2C624970163934C5005D3D90 /* Foundation.framework in Frameworks */,
				2C624971163934C5005D3D90 /* CoreData.framework in Frameworks */,
			);
			runOnlyForDeploymentPostprocessing = 0;
		};
/* End PBXFrameworksBuildPhase section */

/* Begin PBXGroup section */
		2C624941163934C5005D3D90 = {
			isa = PBXGroup;
			children = (
				2C624958163934C5005D3D90 /* 1111 */,
				2C624974163934C5005D3D90 /* 1111Tests */,
				2C62494F163934C5005D3D90 /* Frameworks */,
				2C62494D163934C5005D3D90 /* Products */,
			);
			sourceTree = "<group>";
		};
		2C62494D163934C5005D3D90 /* Products */ = {
			isa = PBXGroup;
			children = (
				2C62494C163934C5005D3D90 /* 1111.app */,
				2C62496C163934C5005D3D90 /* 1111Tests.octest */,
			);
			name = Products;
			sourceTree = "<group>";
		};
		2C62494F163934C5005D3D90 /* Frameworks */ = {
			isa = PBXGroup;
			children = (
				2C624950163934C5005D3D90 /* UIKit.framework */,
				2C624952163934C5005D3D90 /* Foundation.framework */,
				2C624954163934C5005D3D90 /* CoreGraphics.framework */,
				2C624956163934C5005D3D90 /* CoreData.framework */,
				2C62496D163934C5005D3D90 /* SenTestingKit.framework */,
			);
			name = Frameworks;
			sourceTree = "<group>";
		};
		2C624958163934C5005D3D90 /* 1111 */ = {
			isa = PBXGroup;
			children = (
				2C624961163934C5005D3D90 /* AppDelegate.h */,
				2C624962163934C5005D3D90 /* AppDelegate.m */,
				2C624964163934C5005D3D90 /* _111.xcdatamodeld */,
				2C624959163934C5005D3D90 /* Supporting Files */,
			);
			path = 1111;
			sourceTree = "<group>";
		};
		2C624959163934C5005D3D90 /* Supporting Files */ = {
			isa = PBXGroup;
			children = (
				2C62495A163934C5005D3D90 /* 1111-Info.plist */,
				2C62495B163934C5005D3D90 /* InfoPlist.strings */,
				2C62495E163934C5005D3D90 /* main.m */,
				2C624960163934C5005D3D90 /* 1111-Prefix.pch */,
			);
			name = "Supporting Files";
			sourceTree = "<group>";
		};
		2C624974163934C5005D3D90 /* 1111Tests */ = {
			isa = PBXGroup;
			children = (
				2C62497A163934C5005D3D90 /* _111Tests.h */,
				2C62497B163934C5005D3D90 /* _111Tests.m */,
				2C624975163934C5005D3D90 /* Supporting Files */,
			);
			path = 1111Tests;
			sourceTree = "<group>";
		};
		2C624975163934C5005D3D90 /* Supporting Files */ = {
			isa = PBXGroup;
			children = (
				2C624976163934C5005D3D90 /* 1111Tests-Info.plist */,
				2C624977163934C5005D3D90 /* InfoPlist.strings */,
			);
			name = "Supporting Files";
			sourceTree = "<group>";
		};
/* End PBXGroup section */

/* Begin PBXNativeTarget section */
		2C62494B163934C5005D3D90 /* 1111 */ = {
			isa = PBXNativeTarget;
			buildConfigurationList = 2C62497F163934C5005D3D90 /* Build configuration list for PBXNativeTarget "1111" */;
			buildPhases = (
				2C624948163934C5005D3D90 /* Sources */,
				2C624949163934C5005D3D90 /* Frameworks */,
				2C62494A163934C5005D3D90 /* Resources */,
			);
			buildRules = (
			);
			dependencies = (
			);
			name = 1111;
			productName = 1111;
			productReference = 2C62494C163934C5005D3D90 /* 1111.app */;
			productType = "com.apple.product-type.application";
		};
		2C62496B163934C5005D3D90 /* 1111Tests */ = {
			isa = PBXNativeTarget;
			buildConfigurationList = 2C624982163934C5005D3D90 /* Build configuration list for PBXNativeTarget "1111Tests" */;
			buildPhases = (
				2C624967163934C5005D3D90 /* Sources */,
				2C624968163934C5005D3D90 /* Frameworks */,
				2C624969163934C5005D3D90 /* Resources */,
				2C62496A163934C5005D3D90 /* ShellScript */,
			);
			buildRules = (
			);
			dependencies = (
				2C624973163934C5005D3D90 /* PBXTargetDependency */,
			);
			name = 1111Tests;
			productName = 1111Tests;
			productReference = 2C62496C163934C5005D3D90 /* 1111Tests.octest */;
			productType = "com.apple.product-type.bundle";
		};
/* End PBXNativeTarget section */

/* Begin PBXProject section */
		2C624943163934C5005D3D90 /* Project object */ = {
			isa = PBXProject;
			attributes = {
				LastUpgradeCheck = 0420;
			};
			buildConfigurationList = 2C624946163934C5005D3D90 /* Build configuration list for PBXProject "1111" */;
			compatibilityVersion = "Xcode 3.2";
			developmentRegion = English;
			hasScannedForEncodings = 0;
			knownRegions = (
				en,
			);
			mainGroup = 2C624941163934C5005D3D90;
			productRefGroup = 2C62494D163934C5005D3D90 /* Products */;
			projectDirPath = "";
			projectRoot = "";
			targets = (
				2C62494B163934C5005D3D90 /* 1111 */,
				2C62496B163934C5005D3D90 /* 1111Tests */,
			);
		};
/* End PBXProject section */

/* Begin PBXResourcesBuildPhase section */
		2C62494A163934C5005D3D90 /* Resources */ = {
			isa = PBXResourcesBuildPhase;
			buildActionMask = 2147483647;
			files = (
				2C62495D163934C5005D3D90 /* InfoPlist.strings in Resources */,
			);
			runOnlyForDeploymentPostprocessing = 0;
		};
		2C624969163934C5005D3D90 /* Resources */ = {
			isa = PBXResourcesBuildPhase;
			buildActionMask = 2147483647;
			files = (
				2C624979163934C5005D3D90 /* InfoPlist.strings in Resources */,
			);
			runOnlyForDeploymentPostprocessing = 0;
		};
/* End PBXResourcesBuildPhase section */

/* Begin PBXShellScriptBuildPhase section */
		2C62496A163934C5005D3D90 /* ShellScript */ = {
			isa = PBXShellScriptBuildPhase;
			buildActionMask = 2147483647;
			files = (
			);
			inputPaths = (
			);
			outputPaths = (
			);
			runOnlyForDeploymentPostprocessing = 0;
			shellPath = /bin/sh;
			shellScript = "# Run the unit tests in this test bundle.\n\"${SYSTEM_DEVELOPER_DIR}/Tools/RunUnitTests\"\n";
		};
/* End PBXShellScriptBuildPhase section */

/* Begin PBXSourcesBuildPhase section */
		2C624948163934C5005D3D90 /* Sources */ = {
			isa = PBXSourcesBuildPhase;
			buildActionMask = 2147483647;
			files = (
				2C62495F163934C5005D3D90 /* main.m in Sources */,
				2C624963163934C5005D3D90 /* AppDelegate.m in Sources */,
				2C624966163934C5005D3D90 /* _111.xcdatamodeld in Sources */,
			);
			runOnlyForDeploymentPostprocessing = 0;
		};
		2C624967163934C5005D3D90 /* Sources */ = {
			isa = PBXSourcesBuildPhase;
			buildActionMask = 2147483647;
			files = (
				2C62497C163934C5005D3D90 /* _111Tests.m in Sources */,
			);
			runOnlyForDeploymentPostprocessing = 0;
		};
/* End PBXSourcesBuildPhase section */

/* Begin PBXTargetDependency section */
		2C624973163934C5005D3D90 /* PBXTargetDependency */ = {
			isa = PBXTargetDependency;
			target = 2C62494B163934C5005D3D90 /* 1111 */;
			targetProxy = 2C624972163934C5005D3D90 /* PBXContainerItemProxy */;
		};
/* End PBXTargetDependency section */

/* Begin PBXVariantGroup section */
		2C62495B163934C5005D3D90 /* InfoPlist.strings */ = {
			isa = PBXVariantGroup;
			children = (
				2C62495C163934C5005D3D90 /* en */,
			);
			name = InfoPlist.strings;
			sourceTree = "<group>";
		};
		2C624977163934C5005D3D90 /* InfoPlist.strings */ = {
			isa = PBXVariantGroup;
			children = (
				2C624978163934C5005D3D90 /* en */,
			);
			name = InfoPlist.strings;
			sourceTree = "<group>";
		};
/* End PBXVariantGroup section */

/* Begin XCBuildConfiguration section */
		2C62497D163934C5005D3D90 /* Debug */ = {
			isa = XCBuildConfiguration;
			buildSettings = {
				ALWAYS_SEARCH_USER_PATHS = NO;
				ARCHS = "$(ARCHS_STANDARD_32_BIT)";
				CLANG_ENABLE_OBJC_ARC = YES;
				"CODE_SIGN_IDENTITY[sdk=iphoneos*]" = "iPhone Developer";
				COPY_PHASE_STRIP = NO;
				GCC_C_LANGUAGE_STANDARD = gnu99;
				GCC_DYNAMIC_NO_PIC = NO;
				GCC_OPTIMIZATION_LEVEL = 0;
				GCC_PREPROCESSOR_DEFINITIONS = (
					"DEBUG=1",
					"$(inherited)",
				);
				GCC_SYMBOLS_PRIVATE_EXTERN = NO;
				GCC_VERSION = com.apple.compilers.llvm.clang.1_0;
				GCC_WARN_ABOUT_MISSING_PROTOTYPES = YES;
				GCC_WARN_ABOUT_RETURN_TYPE = YES;
				GCC_WARN_UNUSED_VARIABLE = YES;
				IPHONEOS_DEPLOYMENT_TARGET = 5.0;
				SDKROOT = iphoneos;
				TARGETED_DEVICE_FAMILY = "1,2";
			};
			name = Debug;
		};
		2C62497E163934C5005D3D90 /* Release */ = {
			isa = XCBuildConfiguration;
			buildSettings = {
				ALWAYS_SEARCH_USER_PATHS = NO;
				ARCHS = "$(ARCHS_STANDARD_32_BIT)";
				CLANG_ENABLE_OBJC_ARC = YES;
				"CODE_SIGN_IDENTITY[sdk=iphoneos*]" = "iPhone Developer";
				COPY_PHASE_STRIP = YES;
				GCC_C_LANGUAGE_STANDARD = gnu99;
				GCC_VERSION = com.apple.compilers.llvm.clang.1_0;
				GCC_WARN_ABOUT_MISSING_PROTOTYPES = YES;
				GCC_WARN_ABOUT_RETURN_TYPE = YES;
				GCC_WARN_UNUSED_VARIABLE = YES;
				IPHONEOS_DEPLOYMENT_TARGET = 5.0;
				OTHER_CFLAGS = "-DNS_BLOCK_ASSERTIONS=1";
				SDKROOT = iphoneos;
				TARGETED_DEVICE_FAMILY = "1,2";
				VALIDATE_PRODUCT = YES;
			};
			name = Release;
		};
		2C624980163934C5005D3D90 /* Debug */ = {
			isa = XCBuildConfiguration;
			buildSettings = {
				GCC_PRECOMPILE_PREFIX_HEADER = YES;
				GCC_PREFIX_HEADER = "1111/1111-Prefix.pch";
				INFOPLIST_FILE = "1111/1111-Info.plist";
				PRODUCT_NAME = "$(TARGET_NAME)";
				WRAPPER_EXTENSION = app;
			};
			name = Debug;
		};
		2C624981163934C5005D3D90 /* Release */ = {
			isa = XCBuildConfiguration;
			buildSettings = {
				GCC_PRECOMPILE_PREFIX_HEADER = YES;
				GCC_PREFIX_HEADER = "1111/1111-Prefix.pch";
				INFOPLIST_FILE = "1111/1111-Info.plist";
				PRODUCT_NAME = "$(TARGET_NAME)";
				WRAPPER_EXTENSION = app;
			};
			name = Release;
		};
		2C624983163934C5005D3D90 /* Debug */ = {
			isa = XCBuildConfiguration;
			buildSettings = {
				BUNDLE_LOADER = "$(BUILT_PRODUCTS_DIR)/1111.app/1111";
				FRAMEWORK_SEARCH_PATHS = (
					"$(SDKROOT)/Developer/Library/Frameworks",
					"$(DEVELOPER_LIBRARY_DIR)/Frameworks",
				);
				GCC_PRECOMPILE_PREFIX_HEADER = YES;
				GCC_PREFIX_HEADER = "1111/1111-Prefix.pch";
				INFOPLIST_FILE = "1111Tests/1111Tests-Info.plist";
				PRODUCT_NAME = "$(TARGET_NAME)";
				TEST_HOST = "$(BUNDLE_LOADER)";
				WRAPPER_EXTENSION = octest;
			};
			name = Debug;
		};
		2C624984163934C5005D3D90 /* Release */ = {
			isa = XCBuildConfiguration;
			buildSettings = {
				BUNDLE_LOADER = "$(BUILT_PRODUCTS_DIR)/1111.app/1111";
				FRAMEWORK_SEARCH_PATHS = (
					"$(SDKROOT)/Developer/Library/Frameworks",
					"$(DEVELOPER_LIBRARY_DIR)/Frameworks",
				);
				GCC_PRECOMPILE_PREFIX_HEADER = YES;
				GCC_PREFIX_HEADER = "1111/1111-Prefix.pch";
				INFOPLIST_FILE = "1111Tests/1111Tests-Info.plist";
				PRODUCT_NAME = "$(TARGET_NAME)";
				TEST_HOST = "$(BUNDLE_LOADER)";
				WRAPPER_EXTENSION = octest;
			};
			name = Release;
		};
/* End XCBuildConfiguration section */

/* Begin XCConfigurationList section */
		2C624946163934C5005D3D90 /* Build configuration list for PBXProject "1111" */ = {
			isa = XCConfigurationList;
			buildConfigurations = (
				2C62497D163934C5005D3D90 /* Debug */,
				2C62497E163934C5005D3D90 /* Release */,
			);
			defaultConfigurationIsVisible = 0;
			defaultConfigurationName = Release;
		};
		2C62497F163934C5005D3D90 /* Build configuration list for PBXNativeTarget "1111" */ = {
			isa = XCConfigurationList;
			buildConfigurations = (
				2C624980163934C5005D3D90 /* Debug */,
				2C624981163934C5005D3D90 /* Release */,
			);
			defaultConfigurationIsVisible = 0;
		};
		2C624982163934C5005D3D90 /* Build configuration list for PBXNativeTarget "1111Tests" */ = {
			isa = XCConfigurationList;
			buildConfigurations = (
				2C624983163934C5005D3D90 /* Debug */,
				2C624984163934C5005D3D90 /* Release */,
			);
			defaultConfigurationIsVisible = 0;
		};
/* End XCConfigurationList section */

/* Begin XCVersionGroup section */
		2C624964163934C5005D3D90 /* _111.xcdatamodeld */ = {
			isa = XCVersionGroup;
			children = (
				2C624965163934C5005D3D90 /* _111.xcdatamodel */,
			);
			currentVersion = 2C624965163934C5005D3D90 /* _111.xcdatamodel */;
			path = _111.xcdatamodeld;
			sourceTree = "<group>";
			versionGroupType = wrapper.xcdatamodel;
		};
/* End XCVersionGroup section */
	};
	rootObject = 2C624943163934C5005D3D90 /* Project object */;
}
